// !$*UTF8*$!
{
	archiveVersion = 1;
	classes = {
	};
	objectVersion = 77;
	objects = {

/* Begin PBXBuildFile section */
		DB40AD4145CD1370B6781EE7 /* KollioApp.swift in Sources */ = {isa = PBXBuildFile; fileRef = D0CE6A9133B8E50289B0A87E /* KollioApp.swift */; };
		A686C74D9BF4017208657CCB /* ContextualActionSet.swift in Sources */ = {isa = PBXBuildFile; fileRef = E00B9378EF955013031F86DA /* ContextualActionSet.swift */; };
		AE330C2613E8DA0A95394DCA /* ContextualViews.swift in Sources */ = {isa = PBXBuildFile; fileRef = 327F089F1E9542437CF4D0BA /* ContextualViews.swift */; };
		2D599205436A6EE6EDCCE95E /* ProposalViews.swift in Sources */ = {isa = PBXBuildFile; fileRef = 1562A6F0E1A1E1FB3F4E6C20 /* ProposalViews.swift */; };
		B27AF4A4D83015FA1DB0E13F /* Camera.swift in Sources */ = {isa = PBXBuildFile; fileRef = 57F0D306F6B02200C92CF2C4 /* Camera.swift */; };
		D7C9D816D766F286D70BF6E7 /* RelationshipGeometry.swift in Sources */ = {isa = PBXBuildFile; fileRef = 08F9C7FEA54F8BAE07EED8B5 /* RelationshipGeometry.swift */; };
		0C3F9344E22C86B290E67A08 /* ScrollCatcher.swift in Sources */ = {isa = PBXBuildFile; fileRef = 20EF188E338A54D90C16D77B /* ScrollCatcher.swift */; };
		D8100C9AECEA328A96CE8B34 /* CanvasView.swift in Sources */ = {isa = PBXBuildFile; fileRef = 39DEC28D8E8BBC9B1227A22A /* CanvasView.swift */; };
		CDF3A4BF574BDE3A2F2687F1 /* ObjectNodeView.swift in Sources */ = {isa = PBXBuildFile; fileRef = C273C77BEB9BBF817307596E /* ObjectNodeView.swift */; };
		E417DEB525AF27063C0FF18A /* RelationshipLayer.swift in Sources */ = {isa = PBXBuildFile; fileRef = 2A7DCDE74DBB93E3EAD6097B /* RelationshipLayer.swift */; };
		E1C1059CAE0996DA95CD8850 /* DesignTokens.swift in Sources */ = {isa = PBXBuildFile; fileRef = A4155C7B22DF3C3EC1209850 /* DesignTokens.swift */; };
		00D7CB0981F9B01187718397 /* Theme.swift in Sources */ = {isa = PBXBuildFile; fileRef = 4C7E575628E93E7F5B7B314D /* Theme.swift */; };
		BC95C2ABA26D1B42C7EE1D7A /* KollioModel.swift in Sources */ = {isa = PBXBuildFile; fileRef = 273245039D6F21FD6ABF9DF4 /* KollioModel.swift */; };
		8CD037E8A401D0323A3772E3 /* SarahFixture.swift in Sources */ = {isa = PBXBuildFile; fileRef = 8DD7D59809DEE0ABB5166D00 /* SarahFixture.swift */; };
		3150B6416DCE9ED7639DE2C1 /* AppleCandidate.swift in Sources */ = {isa = PBXBuildFile; fileRef = 074B2192F731A442C71DCD6C /* AppleCandidate.swift */; };
		2E3B9EB6A32DEC83AD7BF461 /* AppleLocalSuggestionService.swift in Sources */ = {isa = PBXBuildFile; fileRef = CB2ABAEF30FAD8489C742327 /* AppleLocalSuggestionService.swift */; };
		CB7DAD4C1AFA753D7337BACD /* AppleModelAvailability.swift in Sources */ = {isa = PBXBuildFile; fileRef = 9E0A9DDA5DE4384D450F1347 /* AppleModelAvailability.swift */; };
		FC58297587EDA09BD788229B /* L10n.swift in Sources */ = {isa = PBXBuildFile; fileRef = 4C5AA53ABAB9E944F1F26625 /* L10n.swift */; };
		17B4920FF13B62C2F9AB3500 /* RemoteSuggestionService.swift in Sources */ = {isa = PBXBuildFile; fileRef = 8E1FC3E3575E691B54510EFF /* RemoteSuggestionService.swift */; };
		29AA8DD5F1AB989FA6DAC299 /* ServiceConfiguration.swift in Sources */ = {isa = PBXBuildFile; fileRef = 450FCC2FAF25328A906A4F82 /* ServiceConfiguration.swift */; };
		4DAFF2352F8ECB94CC937E42 /* CSVTable.swift in Sources */ = {isa = PBXBuildFile; fileRef = C1890109BA63EC19403BA959 /* CSVTable.swift */; };
		534AD1AD15A5AAF4241E7484 /* SourcePreviewPanel.swift in Sources */ = {isa = PBXBuildFile; fileRef = A8EAE57F4CA04F29987C9D5E /* SourcePreviewPanel.swift */; };
		7D3B1C69F370518572309708 /* SourceReader.swift in Sources */ = {isa = PBXBuildFile; fileRef = 4E6F7FA74392B6E7F0D3C7EA /* SourceReader.swift */; };
		C48C4FF8CD106E48C1CC74F1 /* Localizable.xcstrings in Resources */ = {isa = PBXBuildFile; fileRef = 8A4724B06916EE6A9F73228F /* Localizable.xcstrings */; };
		26C70343164791EB7E0D636E /* KollioCore in Frameworks */ = {isa = PBXBuildFile; productRef = 8F00A5AE310737084590BBD6 /* KollioCore */; };
		862E11B013B7E3490389CCC2 /* Info.plist in Resources */ = {isa = PBXBuildFile; fileRef = B34B0507FE00BF36365A62E0 /* Info.plist */; };
/* End PBXBuildFile section */

/* Begin PBXFileReference section */
		D0CE6A9133B8E50289B0A87E /* KollioApp.swift */ = {isa = PBXFileReference; lastKnownFileType = sourcecode.swift; name = KollioApp.swift; path = ../../packages/KollioApp/Sources/KollioApp/App/KollioApp.swift; sourceTree = SOURCE_ROOT; };
		E00B9378EF955013031F86DA /* ContextualActionSet.swift */ = {isa = PBXFileReference; lastKnownFileType = sourcecode.swift; name = ContextualActionSet.swift; path = ../../packages/KollioApp/Sources/KollioApp/Canvas/Components/ContextualActionSet.swift; sourceTree = SOURCE_ROOT; };
		327F089F1E9542437CF4D0BA /* ContextualViews.swift */ = {isa = PBXFileReference; lastKnownFileType = sourcecode.swift; name = ContextualViews.swift; path = ../../packages/KollioApp/Sources/KollioApp/Canvas/Components/ContextualViews.swift; sourceTree = SOURCE_ROOT; };
		1562A6F0E1A1E1FB3F4E6C20 /* ProposalViews.swift */ = {isa = PBXFileReference; lastKnownFileType = sourcecode.swift; name = ProposalViews.swift; path = ../../packages/KollioApp/Sources/KollioApp/Canvas/Components/ProposalViews.swift; sourceTree = SOURCE_ROOT; };
		57F0D306F6B02200C92CF2C4 /* Camera.swift */ = {isa = PBXFileReference; lastKnownFileType = sourcecode.swift; name = Camera.swift; path = ../../packages/KollioApp/Sources/KollioApp/Canvas/Geometry/Camera.swift; sourceTree = SOURCE_ROOT; };
		08F9C7FEA54F8BAE07EED8B5 /* RelationshipGeometry.swift */ = {isa = PBXFileReference; lastKnownFileType = sourcecode.swift; name = RelationshipGeometry.swift; path = ../../packages/KollioApp/Sources/KollioApp/Canvas/Geometry/RelationshipGeometry.swift; sourceTree = SOURCE_ROOT; };
		20EF188E338A54D90C16D77B /* ScrollCatcher.swift */ = {isa = PBXFileReference; lastKnownFileType = sourcecode.swift; name = ScrollCatcher.swift; path = ../../packages/KollioApp/Sources/KollioApp/Canvas/Geometry/ScrollCatcher.swift; sourceTree = SOURCE_ROOT; };
		39DEC28D8E8BBC9B1227A22A /* CanvasView.swift */ = {isa = PBXFileReference; lastKnownFileType = sourcecode.swift; name = CanvasView.swift; path = ../../packages/KollioApp/Sources/KollioApp/Canvas/Rendering/CanvasView.swift; sourceTree = SOURCE_ROOT; };
		C273C77BEB9BBF817307596E /* ObjectNodeView.swift */ = {isa = PBXFileReference; lastKnownFileType = sourcecode.swift; name = ObjectNodeView.swift; path = ../../packages/KollioApp/Sources/KollioApp/Canvas/Rendering/ObjectNodeView.swift; sourceTree = SOURCE_ROOT; };
		2A7DCDE74DBB93E3EAD6097B /* RelationshipLayer.swift */ = {isa = PBXFileReference; lastKnownFileType = sourcecode.swift; name = RelationshipLayer.swift; path = ../../packages/KollioApp/Sources/KollioApp/Canvas/Rendering/RelationshipLayer.swift; sourceTree = SOURCE_ROOT; };
		A4155C7B22DF3C3EC1209850 /* DesignTokens.swift */ = {isa = PBXFileReference; lastKnownFileType = sourcecode.swift; name = DesignTokens.swift; path = ../../packages/KollioApp/Sources/KollioApp/DesignSystem/DesignTokens.swift; sourceTree = SOURCE_ROOT; };
		4C7E575628E93E7F5B7B314D /* Theme.swift */ = {isa = PBXFileReference; lastKnownFileType = sourcecode.swift; name = Theme.swift; path = ../../packages/KollioApp/Sources/KollioApp/DesignSystem/Theme.swift; sourceTree = SOURCE_ROOT; };
		273245039D6F21FD6ABF9DF4 /* KollioModel.swift */ = {isa = PBXFileReference; lastKnownFileType = sourcecode.swift; name = KollioModel.swift; path = ../../packages/KollioApp/Sources/KollioApp/Documents/KollioModel.swift; sourceTree = SOURCE_ROOT; };
		8DD7D59809DEE0ABB5166D00 /* SarahFixture.swift */ = {isa = PBXFileReference; lastKnownFileType = sourcecode.swift; name = SarahFixture.swift; path = ../../packages/KollioApp/Sources/KollioApp/Documents/SarahFixture.swift; sourceTree = SOURCE_ROOT; };
		074B2192F731A442C71DCD6C /* AppleCandidate.swift */ = {isa = PBXFileReference; lastKnownFileType = sourcecode.swift; name = AppleCandidate.swift; path = ../../packages/KollioApp/Sources/KollioApp/Intelligence/Apple/AppleCandidate.swift; sourceTree = SOURCE_ROOT; };
		CB2ABAEF30FAD8489C742327 /* AppleLocalSuggestionService.swift */ = {isa = PBXFileReference; lastKnownFileType = sourcecode.swift; name = AppleLocalSuggestionService.swift; path = ../../packages/KollioApp/Sources/KollioApp/Intelligence/Apple/AppleLocalSuggestionService.swift; sourceTree = SOURCE_ROOT; };
		9E0A9DDA5DE4384D450F1347 /* AppleModelAvailability.swift */ = {isa = PBXFileReference; lastKnownFileType = sourcecode.swift; name = AppleModelAvailability.swift; path = ../../packages/KollioApp/Sources/KollioApp/Intelligence/Apple/AppleModelAvailability.swift; sourceTree = SOURCE_ROOT; };
		4C5AA53ABAB9E944F1F26625 /* L10n.swift */ = {isa = PBXFileReference; lastKnownFileType = sourcecode.swift; name = L10n.swift; path = ../../packages/KollioApp/Sources/KollioApp/Localization/L10n.swift; sourceTree = SOURCE_ROOT; };
		8E1FC3E3575E691B54510EFF /* RemoteSuggestionService.swift */ = {isa = PBXFileReference; lastKnownFileType = sourcecode.swift; name = RemoteSuggestionService.swift; path = ../../packages/KollioApp/Sources/KollioApp/Networking/RemoteSuggestionService.swift; sourceTree = SOURCE_ROOT; };
		450FCC2FAF25328A906A4F82 /* ServiceConfiguration.swift */ = {isa = PBXFileReference; lastKnownFileType = sourcecode.swift; name = ServiceConfiguration.swift; path = ../../packages/KollioApp/Sources/KollioApp/Networking/ServiceConfiguration.swift; sourceTree = SOURCE_ROOT; };
		C1890109BA63EC19403BA959 /* CSVTable.swift */ = {isa = PBXFileReference; lastKnownFileType = sourcecode.swift; name = CSVTable.swift; path = ../../packages/KollioApp/Sources/KollioApp/Sources/CSVTable.swift; sourceTree = SOURCE_ROOT; };
		A8EAE57F4CA04F29987C9D5E /* SourcePreviewPanel.swift */ = {isa = PBXFileReference; lastKnownFileType = sourcecode.swift; name = SourcePreviewPanel.swift; path = ../../packages/KollioApp/Sources/KollioApp/Sources/SourcePreviewPanel.swift; sourceTree = SOURCE_ROOT; };
		4E6F7FA74392B6E7F0D3C7EA /* SourceReader.swift */ = {isa = PBXFileReference; lastKnownFileType = sourcecode.swift; name = SourceReader.swift; path = ../../packages/KollioApp/Sources/KollioApp/Sources/SourceReader.swift; sourceTree = SOURCE_ROOT; };
		8A4724B06916EE6A9F73228F /* Localizable.xcstrings */ = {isa = PBXFileReference; lastKnownFileType = text.json.xcstrings; name = Localizable.xcstrings; path = ../../packages/KollioApp/Sources/KollioApp/Resources/Localizable.xcstrings; sourceTree = SOURCE_ROOT; };
		B34B0507FE00BF36365A62E0 /* Info.plist */ = {isa = PBXFileReference; lastKnownFileType = text.plist.xml; path = Info.plist; sourceTree = "<group>"; };
		F5BF48AA40CAD7891EB709FC /* Kollio.app */ = {isa = PBXFileReference; explicitFileType = wrapper.application; includeInIndex = 0; path = Kollio.app; sourceTree = BUILT_PRODUCTS_DIR; };
/* End PBXFileReference section */

/* Begin PBXFrameworksBuildPhase section */
		349B578E88FC623128D2018B /* Frameworks */ = {
			isa = PBXFrameworksBuildPhase;
			buildActionMask = 2147483647;
			files = (
				26C70343164791EB7E0D636E /* KollioCore in Frameworks */,
			);
			runOnlyForDeploymentPostprocessing = 0;
		};
/* End PBXFrameworksBuildPhase section */

/* Begin PBXGroup section */
		2A44C54E23411059C3A1A1E1 = {
			isa = PBXGroup;
			children = (
				AC6545EDE5A39074A15E6244 /* App */,
				353ED2007F9D7FBFF5C0CB75 /* Canvas */,
				132D4E0BBF7CDB76520B439E /* DesignSystem */,
				B837DD26924365EFAE8F8615 /* Documents */,
				4346F55A2C511817ECD33BCA /* Intelligence */,
				786FA564B216918DA2F165B6 /* Localization */,
				D2698074F197869D93E6D480 /* Networking */,
				5CB925814CB9D325B98F666D /* Resources */,
				0E2C2D148CD03FDE80E5926A /* Sources */,
				B34B0507FE00BF36365A62E0 /* Info.plist */,
				C863DA5204F95EC573510473 /* Products */,
			);
			sourceTree = "<group>";
		};
		C863DA5204F95EC573510473 /* Products */ = {
			isa = PBXGroup;
			children = (
				F5BF48AA40CAD7891EB709FC /* Kollio.app */,
			);
			name = Products;
			sourceTree = "<group>";
		};
		AC6545EDE5A39074A15E6244 /* App */ = {
			isa = PBXGroup;
			children = (
				D0CE6A9133B8E50289B0A87E /* KollioApp.swift */,
			);
			name = App;
			sourceTree = "<group>";
		};
		353ED2007F9D7FBFF5C0CB75 /* Canvas */ = {
			isa = PBXGroup;
			children = (
				F3B06D14FE62ECBB42E2B074 /* Components */,
				708A45DF2D8D73611047CF45 /* Geometry */,
				CF90BC23455F7E5A358E0717 /* Rendering */,
			);
			name = Canvas;
			sourceTree = "<group>";
		};
		F3B06D14FE62ECBB42E2B074 /* Components */ = {
			isa = PBXGroup;
			children = (
				E00B9378EF955013031F86DA /* ContextualActionSet.swift */,
				327F089F1E9542437CF4D0BA /* ContextualViews.swift */,
				1562A6F0E1A1E1FB3F4E6C20 /* ProposalViews.swift */,
			);
			name = Components;
			sourceTree = "<group>";
		};
		708A45DF2D8D73611047CF45 /* Geometry */ = {
			isa = PBXGroup;
			children = (
				57F0D306F6B02200C92CF2C4 /* Camera.swift */,
				08F9C7FEA54F8BAE07EED8B5 /* RelationshipGeometry.swift */,
				20EF188E338A54D90C16D77B /* ScrollCatcher.swift */,
			);
			name = Geometry;
			sourceTree = "<group>";
		};
		CF90BC23455F7E5A358E0717 /* Rendering */ = {
			isa = PBXGroup;
			children = (
				39DEC28D8E8BBC9B1227A22A /* CanvasView.swift */,
				C273C77BEB9BBF817307596E /* ObjectNodeView.swift */,
				2A7DCDE74DBB93E3EAD6097B /* RelationshipLayer.swift */,
			);
			name = Rendering;
			sourceTree = "<group>";
		};
		132D4E0BBF7CDB76520B439E /* DesignSystem */ = {
			isa = PBXGroup;
			children = (
				A4155C7B22DF3C3EC1209850 /* DesignTokens.swift */,
				4C7E575628E93E7F5B7B314D /* Theme.swift */,
			);
			name = DesignSystem;
			sourceTree = "<group>";
		};
		B837DD26924365EFAE8F8615 /* Documents */ = {
			isa = PBXGroup;
			children = (
				273245039D6F21FD6ABF9DF4 /* KollioModel.swift */,
				8DD7D59809DEE0ABB5166D00 /* SarahFixture.swift */,
			);
			name = Documents;
			sourceTree = "<group>";
		};
		4346F55A2C511817ECD33BCA /* Intelligence */ = {
			isa = PBXGroup;
			children = (
				DF7879114DE2359E2E62A1C8 /* Apple */,
			);
			name = Intelligence;
			sourceTree = "<group>";
		};
		DF7879114DE2359E2E62A1C8 /* Apple */ = {
			isa = PBXGroup;
			children = (
				074B2192F731A442C71DCD6C /* AppleCandidate.swift */,
				CB2ABAEF30FAD8489C742327 /* AppleLocalSuggestionService.swift */,
				9E0A9DDA5DE4384D450F1347 /* AppleModelAvailability.swift */,
			);
			name = Apple;
			sourceTree = "<group>";
		};
		786FA564B216918DA2F165B6 /* Localization */ = {
			isa = PBXGroup;
			children = (
				4C5AA53ABAB9E944F1F26625 /* L10n.swift */,
			);
			name = Localization;
			sourceTree = "<group>";
		};
		D2698074F197869D93E6D480 /* Networking */ = {
			isa = PBXGroup;
			children = (
				8E1FC3E3575E691B54510EFF /* RemoteSuggestionService.swift */,
				450FCC2FAF25328A906A4F82 /* ServiceConfiguration.swift */,
			);
			name = Networking;
			sourceTree = "<group>";
		};
		5CB925814CB9D325B98F666D /* Resources */ = {
			isa = PBXGroup;
			children = (
				8A4724B06916EE6A9F73228F /* Localizable.xcstrings */,
			);
			name = Resources;
			sourceTree = "<group>";
		};
		0E2C2D148CD03FDE80E5926A /* Sources */ = {
			isa = PBXGroup;
			children = (
				C1890109BA63EC19403BA959 /* CSVTable.swift */,
				A8EAE57F4CA04F29987C9D5E /* SourcePreviewPanel.swift */,
				4E6F7FA74392B6E7F0D3C7EA /* SourceReader.swift */,
			);
			name = Sources;
			sourceTree = "<group>";
		};
/* End PBXGroup section */

/* Begin PBXNativeTarget section */
		DE9A815229F9740C22B6C682 /* Kollio */ = {
			isa = PBXNativeTarget;
			buildConfigurationList = 88A9556C78F4D881C352E222;
			buildPhases = (
				F3F3D267CF0FD5307403D537 /* Sources */,
				349B578E88FC623128D2018B /* Frameworks */,
				41B260B1D2A5E0B273280C8E /* Resources */,
			);
			buildRules = (
			);
			dependencies = (
			);
			name = Kollio;
			packageProductDependencies = (
				8F00A5AE310737084590BBD6 /* KollioCore */,
			);
			productName = Kollio;
			productReference = F5BF48AA40CAD7891EB709FC /* Kollio.app */;
			productType = "com.apple.product-type.application";
		};
/* End PBXNativeTarget section */

/* Begin PBXProject section */
		46F86FAA6BBF9AC94A7E4595 /* Project object */ = {
			isa = PBXProject;
			attributes = {
				BuildIndependentTargetsInParallel = 1;
				LastSwiftUpdateCheck = 2700;
				LastUpgradeCheck = 2700;
				TargetAttributes = {
					DE9A815229F9740C22B6C682 = {
						CreatedOnToolsVersion = 27.0;
					};
				};
			};
			buildConfigurationList = 887D4B5F61EA6AAAF609F3AC;
			compatibilityVersion = "Xcode 15.0";
			developmentRegion = fr;
			hasScannedForEncodings = 0;
			knownRegions = (fr, en, Base);
			mainGroup = 2A44C54E23411059C3A1A1E1;
			minimizedProjectReferenceProxies = 1;
			packageReferences = (
				3E810DE79F20F2FBDB55E7AA /* XCLocalSwiftPackageReference "../packages/KollioCore" */,
			);
			productRefGroup = C863DA5204F95EC573510473 /* Products */;
			projectDirPath = "";
			projectRoot = "";
			targets = (
				DE9A815229F9740C22B6C682 /* Kollio */,
			);
		};
/* End PBXProject section */

/* Begin PBXResourcesBuildPhase section */
		41B260B1D2A5E0B273280C8E /* Resources */ = {
			isa = PBXResourcesBuildPhase;
			buildActionMask = 2147483647;
			files = (
				C48C4FF8CD106E48C1CC74F1 /* Localizable.xcstrings in Resources */,
			);
			runOnlyForDeploymentPostprocessing = 0;
		};
/* End PBXResourcesBuildPhase section */

/* Begin PBXSourcesBuildPhase section */
		F3F3D267CF0FD5307403D537 /* Sources */ = {
			isa = PBXSourcesBuildPhase;
			buildActionMask = 2147483647;
			files = (
				DB40AD4145CD1370B6781EE7 /* KollioApp.swift in Sources */,
				A686C74D9BF4017208657CCB /* ContextualActionSet.swift in Sources */,
				AE330C2613E8DA0A95394DCA /* ContextualViews.swift in Sources */,
				2D599205436A6EE6EDCCE95E /* ProposalViews.swift in Sources */,
				B27AF4A4D83015FA1DB0E13F /* Camera.swift in Sources */,
				D7C9D816D766F286D70BF6E7 /* RelationshipGeometry.swift in Sources */,
				0C3F9344E22C86B290E67A08 /* ScrollCatcher.swift in Sources */,
				D8100C9AECEA328A96CE8B34 /* CanvasView.swift in Sources */,
				CDF3A4BF574BDE3A2F2687F1 /* ObjectNodeView.swift in Sources */,
				E417DEB525AF27063C0FF18A /* RelationshipLayer.swift in Sources */,
				E1C1059CAE0996DA95CD8850 /* DesignTokens.swift in Sources */,
				00D7CB0981F9B01187718397 /* Theme.swift in Sources */,
				BC95C2ABA26D1B42C7EE1D7A /* KollioModel.swift in Sources */,
				8CD037E8A401D0323A3772E3 /* SarahFixture.swift in Sources */,
				3150B6416DCE9ED7639DE2C1 /* AppleCandidate.swift in Sources */,
				2E3B9EB6A32DEC83AD7BF461 /* AppleLocalSuggestionService.swift in Sources */,
				CB7DAD4C1AFA753D7337BACD /* AppleModelAvailability.swift in Sources */,
				FC58297587EDA09BD788229B /* L10n.swift in Sources */,
				17B4920FF13B62C2F9AB3500 /* RemoteSuggestionService.swift in Sources */,
				29AA8DD5F1AB989FA6DAC299 /* ServiceConfiguration.swift in Sources */,
				4DAFF2352F8ECB94CC937E42 /* CSVTable.swift in Sources */,
				534AD1AD15A5AAF4241E7484 /* SourcePreviewPanel.swift in Sources */,
				7D3B1C69F370518572309708 /* SourceReader.swift in Sources */,
			);
			runOnlyForDeploymentPostprocessing = 0;
		};
/* End PBXSourcesBuildPhase section */

/* Begin XCBuildConfiguration section */
		A1FEF218C4C57CE118AD5A8A /* Debug */ = {
			isa = XCBuildConfiguration;
			buildSettings = {
				ALWAYS_SEARCH_USER_PATHS = NO;
				CLANG_ENABLE_MODULES = YES;
				CLANG_ENABLE_OBJC_ARC = YES;
				COPY_PHASE_STRIP = NO;
				DEBUG_INFORMATION_FORMAT = dwarf;
				ENABLE_DEBUG_DYLIB = NO;
				ENABLE_TESTABILITY = YES;
				GCC_OPTIMIZATION_LEVEL = 0;
				MTL_ENABLE_DEBUG_INFO = INCLUDE_SOURCE;
				ONLY_ACTIVE_ARCH = YES;
				SWIFT_ACTIVE_COMPILATION_CONDITIONS = "DEBUG $(inherited)";
				SWIFT_OPTIMIZATION_LEVEL = "-Onone";
				MACOSX_DEPLOYMENT_TARGET = 14.0;
				SDKROOT = macosx;
				SWIFT_VERSION = 6.0;
			};
			name = Debug;
		};
		D49EF4AC7029FD1A8C1140E0 /* Release */ = {
			isa = XCBuildConfiguration;
			buildSettings = {
				ALWAYS_SEARCH_USER_PATHS = NO;
				CLANG_ENABLE_MODULES = YES;
				CLANG_ENABLE_OBJC_ARC = YES;
				COPY_PHASE_STRIP = NO;
				DEBUG_INFORMATION_FORMAT = "dwarf-with-dsym";
				ENABLE_NS_ASSERTIONS = NO;
				SWIFT_COMPILATION_MODE = wholemodule;
				MACOSX_DEPLOYMENT_TARGET = 14.0;
				SDKROOT = macosx;
				SWIFT_VERSION = 6.0;
			};
			name = Release;
		};
		FEE7AE1A1C8291DDE6965C1D /* Debug */ = {
			isa = XCBuildConfiguration;
			buildSettings = {
				CODE_SIGN_IDENTITY = "-";
				CODE_SIGN_STYLE = Automatic;
				COMBINE_HIDPI_IMAGES = YES;
				CURRENT_PROJECT_VERSION = 1;
				ENABLE_HARDENED_RUNTIME = NO;
				GENERATE_INFOPLIST_FILE = NO;
				INFOPLIST_FILE = Info.plist;
				LD_RUNPATH_SEARCH_PATHS = ("$(inherited)", "@executable_path/../Frameworks");
				MARKETING_VERSION = 0.1.0;
				PRODUCT_BUNDLE_IDENTIFIER = dev.kollio.app;
				PRODUCT_NAME = "$(TARGET_NAME)";
				SWIFT_EMIT_LOC_STRINGS = YES;
			};
			name = Debug;
		};
		71B50D198E64EEE00C2C0E9C /* Release */ = {
			isa = XCBuildConfiguration;
			buildSettings = {
				CODE_SIGN_IDENTITY = "-";
				CODE_SIGN_STYLE = Automatic;
				COMBINE_HIDPI_IMAGES = YES;
				CURRENT_PROJECT_VERSION = 1;
				ENABLE_HARDENED_RUNTIME = NO;
				GENERATE_INFOPLIST_FILE = NO;
				INFOPLIST_FILE = Info.plist;
				LD_RUNPATH_SEARCH_PATHS = ("$(inherited)", "@executable_path/../Frameworks");
				MARKETING_VERSION = 0.1.0;
				PRODUCT_BUNDLE_IDENTIFIER = dev.kollio.app;
				PRODUCT_NAME = "$(TARGET_NAME)";
				SWIFT_EMIT_LOC_STRINGS = YES;
			};
			name = Release;
		};
/* End XCBuildConfiguration section */

/* Begin XCConfigurationList section */
		887D4B5F61EA6AAAF609F3AC /* Build configuration list for PBXProject "Kollio" */ = {
			isa = XCConfigurationList;
			buildConfigurations = (
				A1FEF218C4C57CE118AD5A8A /* Debug */,
				D49EF4AC7029FD1A8C1140E0 /* Release */,
			);
			defaultConfigurationIsVisible = 0;
			defaultConfigurationName = Release;
		};
		88A9556C78F4D881C352E222 /* Build configuration list for PBXNativeTarget "Kollio" */ = {
			isa = XCConfigurationList;
			buildConfigurations = (
				FEE7AE1A1C8291DDE6965C1D /* Debug */,
				71B50D198E64EEE00C2C0E9C /* Release */,
			);
			defaultConfigurationIsVisible = 0;
			defaultConfigurationName = Release;
		};
/* End XCConfigurationList section */

/* Begin XCLocalSwiftPackageReference section */
		3E810DE79F20F2FBDB55E7AA /* XCLocalSwiftPackageReference "../packages/KollioCore" */ = {
			isa = XCLocalSwiftPackageReference;
			relativePath = ../../packages/KollioCore;
		};
/* End XCLocalSwiftPackageReference section */

/* Begin XCSwiftPackageProductDependency section */
		8F00A5AE310737084590BBD6 /* KollioCore */ = {
			isa = XCSwiftPackageProductDependency;
			package = 3E810DE79F20F2FBDB55E7AA /* XCLocalSwiftPackageReference "../packages/KollioCore" */;
			productName = KollioCore;
		};
/* End XCSwiftPackageProductDependency section */
	};
	rootObject = 46F86FAA6BBF9AC94A7E4595 /* Project object */;
}
